
Microsoft Visual Studio Solution File, Format Version 12.00
Project("{FAE04EC0-301F-11D3-BF4B-00C04F79EFBC}") = "dynamo-util", "dynamo-util\dynamo-util.csproj", "{1411122F-65B9-451F-861C-9B5AA33C7370}"
EndProject
Global
	GlobalSection(SolutionConfigurationPlatforms) = preSolution
		Debug|Any CPU = Debug|Any CPU
		Release|Any CPU = Release|Any CPU
	EndGlobalSection
	GlobalSection(ProjectConfigurationPlatforms) = postSolution
		{1411122F-65B9-451F-861C-9B5AA33C7370}.Debug|Any CPU.ActiveCfg = Debug|Any CPU
		{1411122F-65B9-451F-861C-9B5AA33C7370}.Debug|Any CPU.Build.0 = Debug|Any CPU
		{1411122F-65B9-451F-861C-9B5AA33C7370}.Release|Any CPU.ActiveCfg = Release|Any CPU
		{1411122F-65B9-451F-861C-9B5AA33C7370}.Release|Any CPU.Build.0 = Release|Any CPU
	EndGlobalSection
EndGlobal
